// !$*UTF8*$!
{
	archiveVersion = 1;
	classes = {
	};
	objectVersion = 56;
	objects = {

/* Begin PBXBuildFile section */
		240630FD2AB7261C00663DB4 /* ConversationTableViewCell.swift in Sources */ = {isa = PBXBuildFile; fileRef = 240630FC2AB7261C00663DB4 /* ConversationTableViewCell.swift */; };
		2426A9F32AB2608B003E64B2 /* AppDelegate.swift in Sources */ = {isa = PBXBuildFile; fileRef = 2426A9F22AB2608B003E64B2 /* AppDelegate.swift */; };
		2426A9F52AB2608B003E64B2 /* SceneDelegate.swift in Sources */ = {isa = PBXBuildFile; fileRef = 2426A9F42AB2608B003E64B2 /* SceneDelegate.swift */; };
		2426A9FA2AB2608B003E64B2 /* Main.storyboard in Resources */ = {isa = PBXBuildFile; fileRef = 2426A9F82AB2608B003E64B2 /* Main.storyboard */; };
		2426A9FC2AB2608B003E64B2 /* Assets.xcassets in Resources */ = {isa = PBXBuildFile; fileRef = 2426A9FB2AB2608B003E64B2 /* Assets.xcassets */; };
		2426A9FF2AB2608B003E64B2 /* LaunchScreen.storyboard in Resources */ = {isa = PBXBuildFile; fileRef = 2426A9FD2AB2608B003E64B2 /* LaunchScreen.storyboard */; };
		2426AA1A2AB266BC003E64B2 /* LoginViewController.swift in Sources */ = {isa = PBXBuildFile; fileRef = 2426AA192AB266BC003E64B2 /* LoginViewController.swift */; };
		2426AA1C2AB266D0003E64B2 /* RegisterViewController.swift in Sources */ = {isa = PBXBuildFile; fileRef = 2426AA1B2AB266D0003E64B2 /* RegisterViewController.swift */; };
		2426AA1E2AB266E6003E64B2 /* ProfileViewController.swift in Sources */ = {isa = PBXBuildFile; fileRef = 2426AA1D2AB266E6003E64B2 /* ProfileViewController.swift */; };
		2426AA202AB26711003E64B2 /* NewConversationViewController.swift in Sources */ = {isa = PBXBuildFile; fileRef = 2426AA1F2AB26711003E64B2 /* NewConversationViewController.swift */; };
		2426AA222AB26726003E64B2 /* VideoPlayerViewController.swift in Sources */ = {isa = PBXBuildFile; fileRef = 2426AA212AB26726003E64B2 /* VideoPlayerViewController.swift */; };
		2426AA242AB26737003E64B2 /* PhotoViewerViewController.swift in Sources */ = {isa = PBXBuildFile; fileRef = 2426AA232AB26737003E64B2 /* PhotoViewerViewController.swift */; };
		2426AA262AB26783003E64B2 /* Extension.swift in Sources */ = {isa = PBXBuildFile; fileRef = 2426AA252AB26783003E64B2 /* Extension.swift */; };
		243C781B2BFE6C2600B654DD /* ChatModels.swift in Sources */ = {isa = PBXBuildFile; fileRef = 243C781A2BFE6C2600B654DD /* ChatModels.swift */; };
		243C781D2BFEA75900B654DD /* LocationPickerViewController.swift in Sources */ = {isa = PBXBuildFile; fileRef = 243C781C2BFEA75900B654DD /* LocationPickerViewController.swift */; };
		24447D7F2AB26C46008A25C2 /* ConversationViewController.swift in Sources */ = {isa = PBXBuildFile; fileRef = 24447D7E2AB26C46008A25C2 /* ConversationViewController.swift */; };
		24447D842AB37393008A25C2 /* FirebaseAnalytics in Frameworks */ = {isa = PBXBuildFile; productRef = 24447D832AB37393008A25C2 /* FirebaseAnalytics */; };
		24447D862AB37393008A25C2 /* FirebaseAnalyticsSwift in Frameworks */ = {isa = PBXBuildFile; productRef = 24447D852AB37393008A25C2 /* FirebaseAnalyticsSwift */; };
		24447D882AB37393008A25C2 /* FirebaseAuth in Frameworks */ = {isa = PBXBuildFile; productRef = 24447D872AB37393008A25C2 /* FirebaseAuth */; };
		24447D8A2AB37393008A25C2 /* FirebaseDatabase in Frameworks */ = {isa = PBXBuildFile; productRef = 24447D892AB37393008A25C2 /* FirebaseDatabase */; };
		24447D8C2AB37393008A25C2 /* FirebaseDynamicLinks in Frameworks */ = {isa = PBXBuildFile; productRef = 24447D8B2AB37393008A25C2 /* FirebaseDynamicLinks */; };
		24447D8E2AB37393008A25C2 /* FirebaseFirestore in Frameworks */ = {isa = PBXBuildFile; productRef = 24447D8D2AB37393008A25C2 /* FirebaseFirestore */; };
		24447D902AB37393008A25C2 /* FirebaseFunctions in Frameworks */ = {isa = PBXBuildFile; productRef = 24447D8F2AB37393008A25C2 /* FirebaseFunctions */; };
		24447D922AB37393008A25C2 /* FirebaseMessaging in Frameworks */ = {isa = PBXBuildFile; productRef = 24447D912AB37393008A25C2 /* FirebaseMessaging */; };
		24447D942AB37393008A25C2 /* FirebaseRemoteConfig in Frameworks */ = {isa = PBXBuildFile; productRef = 24447D932AB37393008A25C2 /* FirebaseRemoteConfig */; };
		24447D962AB37393008A25C2 /* FirebaseStorage in Frameworks */ = {isa = PBXBuildFile; productRef = 24447D952AB37393008A25C2 /* FirebaseStorage */; };
		24447D982AB37494008A25C2 /* GoogleService-Info.plist in Resources */ = {isa = PBXBuildFile; fileRef = 24447D972AB37494008A25C2 /* GoogleService-Info.plist */; };
		24447D9A2AB3A984008A25C2 /* DatabaseManager.swift in Sources */ = {isa = PBXBuildFile; fileRef = 24447D992AB3A984008A25C2 /* DatabaseManager.swift */; };
		24447D9D2AB48554008A25C2 /* JGProgressHUD in Frameworks */ = {isa = PBXBuildFile; productRef = 24447D9C2AB48554008A25C2 /* JGProgressHUD */; };
		24447DA02AB48845008A25C2 /* RealmSwift in Frameworks */ = {isa = PBXBuildFile; productRef = 24447D9F2AB48845008A25C2 /* RealmSwift */; };
		24447DA32AB488A5008A25C2 /* SDWebImage in Frameworks */ = {isa = PBXBuildFile; productRef = 24447DA22AB488A5008A25C2 /* SDWebImage */; };
		24447DA52AB488A5008A25C2 /* SDWebImageMapKit in Frameworks */ = {isa = PBXBuildFile; productRef = 24447DA42AB488A5008A25C2 /* SDWebImageMapKit */; };
		24447DA72AB49312008A25C2 /* ChatViewController.swift in Sources */ = {isa = PBXBuildFile; fileRef = 24447DA62AB49312008A25C2 /* ChatViewController.swift */; };
		24447DAA2AB49ADF008A25C2 /* MessageKit in Frameworks */ = {isa = PBXBuildFile; productRef = 24447DA92AB49ADF008A25C2 /* MessageKit */; };
		24447DAC2AB4B150008A25C2 /* StorageManager.swift in Sources */ = {isa = PBXBuildFile; fileRef = 24447DAB2AB4B150008A25C2 /* StorageManager.swift */; };
		24447DAF2AB4D3E9008A25C2 /* GoogleSignIn in Frameworks */ = {isa = PBXBuildFile; productRef = 24447DAE2AB4D3E9008A25C2 /* GoogleSignIn */; };
		24447DB12AB4D3E9008A25C2 /* GoogleSignInSwift in Frameworks */ = {isa = PBXBuildFile; productRef = 24447DB02AB4D3E9008A25C2 /* GoogleSignInSwift */; };
		24447DB32AB51D91008A25C2 /* SearchResult.swift in Sources */ = {isa = PBXBuildFile; fileRef = 24447DB22AB51D91008A25C2 /* SearchResult.swift */; };
		24447DB52AB52396008A25C2 /* NewConversationCell.swift in Sources */ = {isa = PBXBuildFile; fileRef = 24447DB42AB52396008A25C2 /* NewConversationCell.swift */; };
/* End PBXBuildFile section */

/* Begin PBXFileReference section */
		240630FC2AB7261C00663DB4 /* ConversationTableViewCell.swift */ = {isa = PBXFileReference; lastKnownFileType = sourcecode.swift; path = ConversationTableViewCell.swift; sourceTree = "<group>"; };
		2426A9EF2AB2608B003E64B2 /* MyMessenger.app */ = {isa = PBXFileReference; explicitFileType = wrapper.application; includeInIndex = 0; path = MyMessenger.app; sourceTree = BUILT_PRODUCTS_DIR; };
		2426A9F22AB2608B003E64B2 /* AppDelegate.swift */ = {isa = PBXFileReference; lastKnownFileType = sourcecode.swift; path = AppDelegate.swift; sourceTree = "<group>"; };
		2426A9F42AB2608B003E64B2 /* SceneDelegate.swift */ = {isa = PBXFileReference; lastKnownFileType = sourcecode.swift; path = SceneDelegate.swift; sourceTree = "<group>"; };
		2426A9F92AB2608B003E64B2 /* Base */ = {isa = PBXFileReference; lastKnownFileType = file.storyboard; name = Base; path = Base.lproj/Main.storyboard; sourceTree = "<group>"; };
		2426A9FB2AB2608B003E64B2 /* Assets.xcassets */ = {isa = PBXFileReference; lastKnownFileType = folder.assetcatalog; path = Assets.xcassets; sourceTree = "<group>"; };
		2426A9FE2AB2608B003E64B2 /* Base */ = {isa = PBXFileReference; lastKnownFileType = file.storyboard; name = Base; path = Base.lproj/LaunchScreen.storyboard; sourceTree = "<group>"; };
		2426AA002AB2608B003E64B2 /* Info.plist */ = {isa = PBXFileReference; lastKnownFileType = text.plist.xml; path = Info.plist; sourceTree = "<group>"; };
		2426AA192AB266BC003E64B2 /* LoginViewController.swift */ = {isa = PBXFileReference; lastKnownFileType = sourcecode.swift; path = LoginViewController.swift; sourceTree = "<group>"; };
		2426AA1B2AB266D0003E64B2 /* RegisterViewController.swift */ = {isa = PBXFileReference; lastKnownFileType = sourcecode.swift; path = RegisterViewController.swift; sourceTree = "<group>"; };
		2426AA1D2AB266E6003E64B2 /* ProfileViewController.swift */ = {isa = PBXFileReference; lastKnownFileType = sourcecode.swift; path = ProfileViewController.swift; sourceTree = "<group>"; };
		2426AA1F2AB26711003E64B2 /* NewConversationViewController.swift */ = {isa = PBXFileReference; lastKnownFileType = sourcecode.swift; path = NewConversationViewController.swift; sourceTree = "<group>"; };
		2426AA212AB26726003E64B2 /* VideoPlayerViewController.swift */ = {isa = PBXFileReference; lastKnownFileType = sourcecode.swift; path = VideoPlayerViewController.swift; sourceTree = "<group>"; };
		2426AA232AB26737003E64B2 /* PhotoViewerViewController.swift */ = {isa = PBXFileReference; lastKnownFileType = sourcecode.swift; path = PhotoViewerViewController.swift; sourceTree = "<group>"; };
		2426AA252AB26783003E64B2 /* Extension.swift */ = {isa = PBXFileReference; lastKnownFileType = sourcecode.swift; path = Extension.swift; sourceTree = "<group>"; };
		243C781A2BFE6C2600B654DD /* ChatModels.swift */ = {isa = PBXFileReference; lastKnownFileType = sourcecode.swift; path = ChatModels.swift; sourceTree = "<group>"; };
		243C781C2BFEA75900B654DD /* LocationPickerViewController.swift */ = {isa = PBXFileReference; lastKnownFileType = sourcecode.swift; path = LocationPickerViewController.swift; sourceTree = "<group>"; };
		24447D7E2AB26C46008A25C2 /* ConversationViewController.swift */ = {isa = PBXFileReference; lastKnownFileType = sourcecode.swift; path = ConversationViewController.swift; sourceTree = "<group>"; };
		24447D972AB37494008A25C2 /* GoogleService-Info.plist */ = {isa = PBXFileReference; fileEncoding = 4; lastKnownFileType = text.plist.xml; path = "GoogleService-Info.plist"; sourceTree = "<group>"; };
		24447D992AB3A984008A25C2 /* DatabaseManager.swift */ = {isa = PBXFileReference; lastKnownFileType = sourcecode.swift; path = DatabaseManager.swift; sourceTree = "<group>"; };
		24447DA62AB49312008A25C2 /* ChatViewController.swift */ = {isa = PBXFileReference; lastKnownFileType = sourcecode.swift; path = ChatViewController.swift; sourceTree = "<group>"; };
		24447DAB2AB4B150008A25C2 /* StorageManager.swift */ = {isa = PBXFileReference; lastKnownFileType = sourcecode.swift; path = StorageManager.swift; sourceTree = "<group>"; };
		24447DB22AB51D91008A25C2 /* SearchResult.swift */ = {isa = PBXFileReference; lastKnownFileType = sourcecode.swift; path = SearchResult.swift; sourceTree = "<group>"; };
		24447DB42AB52396008A25C2 /* NewConversationCell.swift */ = {isa = PBXFileReference; lastKnownFileType = sourcecode.swift; path = NewConversationCell.swift; sourceTree = "<group>"; };
/* End PBXFileReference section */

/* Begin PBXFrameworksBuildPhase section */
		2426A9EC2AB2608B003E64B2 /* Frameworks */ = {
			isa = PBXFrameworksBuildPhase;
			buildActionMask = 2147483647;
			files = (
				24447DA02AB48845008A25C2 /* RealmSwift in Frameworks */,
				24447DAF2AB4D3E9008A25C2 /* GoogleSignIn in Frameworks */,
				24447D942AB37393008A25C2 /* FirebaseRemoteConfig in Frameworks */,
				24447D922AB37393008A25C2 /* FirebaseMessaging in Frameworks */,
				24447D9D2AB48554008A25C2 /* JGProgressHUD in Frameworks */,
				24447D862AB37393008A25C2 /* FirebaseAnalyticsSwift in Frameworks */,
				24447D962AB37393008A25C2 /* FirebaseStorage in Frameworks */,
				24447D902AB37393008A25C2 /* FirebaseFunctions in Frameworks */,
				24447D882AB37393008A25C2 /* FirebaseAuth in Frameworks */,
				24447DB12AB4D3E9008A25C2 /* GoogleSignInSwift in Frameworks */,
				24447D8A2AB37393008A25C2 /* FirebaseDatabase in Frameworks */,
				24447DAA2AB49ADF008A25C2 /* MessageKit in Frameworks */,
				24447D842AB37393008A25C2 /* FirebaseAnalytics in Frameworks */,
				24447DA32AB488A5008A25C2 /* SDWebImage in Frameworks */,
				24447D8C2AB37393008A25C2 /* FirebaseDynamicLinks in Frameworks */,
				24447DA52AB488A5008A25C2 /* SDWebImageMapKit in Frameworks */,
				24447D8E2AB37393008A25C2 /* FirebaseFirestore in Frameworks */,
			);
			runOnlyForDeploymentPostprocessing = 0;
		};
/* End PBXFrameworksBuildPhase section */

/* Begin PBXGroup section */
		2426A9E62AB2608B003E64B2 = {
			isa = PBXGroup;
			children = (
				2426A9F12AB2608B003E64B2 /* MyMessenger */,
				2426A9F02AB2608B003E64B2 /* Products */,
			);
			sourceTree = "<group>";
		};
		2426A9F02AB2608B003E64B2 /* Products */ = {
			isa = PBXGroup;
			children = (
				2426A9EF2AB2608B003E64B2 /* MyMessenger.app */,
			);
			name = Products;
			sourceTree = "<group>";
		};
		2426A9F12AB2608B003E64B2 /* MyMessenger */ = {
			isa = PBXGroup;
			children = (
				24447D972AB37494008A25C2 /* GoogleService-Info.plist */,
				2426AA0B2AB261C2003E64B2 /* Resources */,
				2426AA082AB2617D003E64B2 /* Models */,
				2426AA062AB26143003E64B2 /* Views */,
				2426AA0A2AB261A2003E64B2 /* Controllers */,
				2426AA002AB2608B003E64B2 /* Info.plist */,
			);
			path = MyMessenger;
			sourceTree = "<group>";
		};
		2426AA062AB26143003E64B2 /* Views */ = {
			isa = PBXGroup;
			children = (
				2426AA072AB26159003E64B2 /* Storyboard */,
				2426A9FB2AB2608B003E64B2 /* Assets.xcassets */,
				24447DB42AB52396008A25C2 /* NewConversationCell.swift */,
				240630FC2AB7261C00663DB4 /* ConversationTableViewCell.swift */,
			);
			path = Views;
			sourceTree = "<group>";
		};
		2426AA072AB26159003E64B2 /* Storyboard */ = {
			isa = PBXGroup;
			children = (
				2426A9F82AB2608B003E64B2 /* Main.storyboard */,
				2426A9FD2AB2608B003E64B2 /* LaunchScreen.storyboard */,
			);
			path = Storyboard;
			sourceTree = "<group>";
		};
		2426AA082AB2617D003E64B2 /* Models */ = {
			isa = PBXGroup;
			children = (
				24447DB22AB51D91008A25C2 /* SearchResult.swift */,
				243C781A2BFE6C2600B654DD /* ChatModels.swift */,
			);
			path = Models;
			sourceTree = "<group>";
		};
		2426AA0A2AB261A2003E64B2 /* Controllers */ = {
			isa = PBXGroup;
			children = (
				24447D7E2AB26C46008A25C2 /* ConversationViewController.swift */,
				2426AA102AB26377003E64B2 /* Login */,
				2426AA1D2AB266E6003E64B2 /* ProfileViewController.swift */,
				2426AA1F2AB26711003E64B2 /* NewConversationViewController.swift */,
				2426AA212AB26726003E64B2 /* VideoPlayerViewController.swift */,
				2426AA232AB26737003E64B2 /* PhotoViewerViewController.swift */,
				24447DA62AB49312008A25C2 /* ChatViewController.swift */,
				243C781C2BFEA75900B654DD /* LocationPickerViewController.swift */,
			);
			path = Controllers;
			sourceTree = "<group>";
		};
		2426AA0B2AB261C2003E64B2 /* Resources */ = {
			isa = PBXGroup;
			children = (
				2426A9F22AB2608B003E64B2 /* AppDelegate.swift */,
				2426A9F42AB2608B003E64B2 /* SceneDelegate.swift */,
				2426AA252AB26783003E64B2 /* Extension.swift */,
				24447D992AB3A984008A25C2 /* DatabaseManager.swift */,
				24447DAB2AB4B150008A25C2 /* StorageManager.swift */,
			);
			path = Resources;
			sourceTree = "<group>";
		};
		2426AA102AB26377003E64B2 /* Login */ = {
			isa = PBXGroup;
			children = (
				2426AA192AB266BC003E64B2 /* LoginViewController.swift */,
				2426AA1B2AB266D0003E64B2 /* RegisterViewController.swift */,
			);
			path = Login;
			sourceTree = "<group>";
		};
/* End PBXGroup section */

/* Begin PBXNativeTarget section */
		2426A9EE2AB2608B003E64B2 /* MyMessenger */ = {
			isa = PBXNativeTarget;
			buildConfigurationList = 2426AA032AB2608B003E64B2 /* Build configuration list for PBXNativeTarget "MyMessenger" */;
			buildPhases = (
				2426A9EB2AB2608B003E64B2 /* Sources */,
				2426A9EC2AB2608B003E64B2 /* Frameworks */,
				2426A9ED2AB2608B003E64B2 /* Resources */,
			);
			buildRules = (
			);
			dependencies = (
			);
			name = MyMessenger;
			packageProductDependencies = (
				24447D832AB37393008A25C2 /* FirebaseAnalytics */,
				24447D852AB37393008A25C2 /* FirebaseAnalyticsSwift */,
				24447D872AB37393008A25C2 /* FirebaseAuth */,
				24447D892AB37393008A25C2 /* FirebaseDatabase */,
				24447D8B2AB37393008A25C2 /* FirebaseDynamicLinks */,
				24447D8D2AB37393008A25C2 /* FirebaseFirestore */,
				24447D8F2AB37393008A25C2 /* FirebaseFunctions */,
				24447D912AB37393008A25C2 /* FirebaseMessaging */,
				24447D932AB37393008A25C2 /* FirebaseRemoteConfig */,
				24447D952AB37393008A25C2 /* FirebaseStorage */,
				24447D9C2AB48554008A25C2 /* JGProgressHUD */,
				24447D9F2AB48845008A25C2 /* RealmSwift */,
				24447DA22AB488A5008A25C2 /* SDWebImage */,
				24447DA42AB488A5008A25C2 /* SDWebImageMapKit */,
				24447DA92AB49ADF008A25C2 /* MessageKit */,
				24447DAE2AB4D3E9008A25C2 /* GoogleSignIn */,
				24447DB02AB4D3E9008A25C2 /* GoogleSignInSwift */,
			);
			productName = MyMessenger;
			productReference = 2426A9EF2AB2608B003E64B2 /* MyMessenger.app */;
			productType = "com.apple.product-type.application";
		};
/* End PBXNativeTarget section */

/* Begin PBXProject section */
		2426A9E72AB2608B003E64B2 /* Project object */ = {
			isa = PBXProject;
			attributes = {
				BuildIndependentTargetsInParallel = 1;
				LastSwiftUpdateCheck = 1410;
				LastUpgradeCheck = 1410;
				TargetAttributes = {
					2426A9EE2AB2608B003E64B2 = {
						CreatedOnToolsVersion = 14.1;
					};
				};
			};
			buildConfigurationList = 2426A9EA2AB2608B003E64B2 /* Build configuration list for PBXProject "MyMessenger" */;
			compatibilityVersion = "Xcode 14.0";
			developmentRegion = en;
			hasScannedForEncodings = 0;
			knownRegions = (
				en,
				Base,
			);
			mainGroup = 2426A9E62AB2608B003E64B2;
			packageReferences = (
				24447D822AB37393008A25C2 /* XCRemoteSwiftPackageReference "firebase-ios-sdk" */,
				24447D9B2AB48554008A25C2 /* XCRemoteSwiftPackageReference "JGProgressHUD" */,
				24447D9E2AB48845008A25C2 /* XCRemoteSwiftPackageReference "realm-swift" */,
				24447DA12AB488A5008A25C2 /* XCRemoteSwiftPackageReference "SDWebImage" */,
				24447DA82AB49ADE008A25C2 /* XCRemoteSwiftPackageReference "MessageKit" */,
				24447DAD2AB4D3E9008A25C2 /* XCRemoteSwiftPackageReference "GoogleSignIn-iOS" */,
			);
			productRefGroup = 2426A9F02AB2608B003E64B2 /* Products */;
			projectDirPath = "";
			projectRoot = "";
			targets = (
				2426A9EE2AB2608B003E64B2 /* MyMessenger */,
			);
		};
/* End PBXProject section */

/* Begin PBXResourcesBuildPhase section */
		2426A9ED2AB2608B003E64B2 /* Resources */ = {
			isa = PBXResourcesBuildPhase;
			buildActionMask = 2147483647;
			files = (
				2426A9FF2AB2608B003E64B2 /* LaunchScreen.storyboard in Resources */,
				24447D982AB37494008A25C2 /* GoogleService-Info.plist in Resources */,
				2426A9FC2AB2608B003E64B2 /* Assets.xcassets in Resources */,
				2426A9FA2AB2608B003E64B2 /* Main.storyboard in Resources */,
			);
			runOnlyForDeploymentPostprocessing = 0;
		};
/* End PBXResourcesBuildPhase section */

/* Begin PBXSourcesBuildPhase section */
		2426A9EB2AB2608B003E64B2 /* Sources */ = {
			isa = PBXSourcesBuildPhase;
			buildActionMask = 2147483647;
			files = (
				2426AA1E2AB266E6003E64B2 /* ProfileViewController.swift in Sources */,
				243C781D2BFEA75900B654DD /* LocationPickerViewController.swift in Sources */,
				24447DB52AB52396008A25C2 /* NewConversationCell.swift in Sources */,
				24447D9A2AB3A984008A25C2 /* DatabaseManager.swift in Sources */,
				2426AA202AB26711003E64B2 /* NewConversationViewController.swift in Sources */,
				24447D7F2AB26C46008A25C2 /* ConversationViewController.swift in Sources */,
				2426AA1A2AB266BC003E64B2 /* LoginViewController.swift in Sources */,
				2426AA1C2AB266D0003E64B2 /* RegisterViewController.swift in Sources */,
				2426AA262AB26783003E64B2 /* Extension.swift in Sources */,
				240630FD2AB7261C00663DB4 /* ConversationTableViewCell.swift in Sources */,
				2426AA222AB26726003E64B2 /* VideoPlayerViewController.swift in Sources */,
				24447DB32AB51D91008A25C2 /* SearchResult.swift in Sources */,
				2426A9F32AB2608B003E64B2 /* AppDelegate.swift in Sources */,
				2426A9F52AB2608B003E64B2 /* SceneDelegate.swift in Sources */,
				243C781B2BFE6C2600B654DD /* ChatModels.swift in Sources */,
				24447DA72AB49312008A25C2 /* ChatViewController.swift in Sources */,
				2426AA242AB26737003E64B2 /* PhotoViewerViewController.swift in Sources */,
				24447DAC2AB4B150008A25C2 /* StorageManager.swift in Sources */,
			);
			runOnlyForDeploymentPostprocessing = 0;
		};
/* End PBXSourcesBuildPhase section */

/* Begin PBXVariantGroup section */
		2426A9F82AB2608B003E64B2 /* Main.storyboard */ = {
			isa = PBXVariantGroup;
			children = (
				2426A9F92AB2608B003E64B2 /* Base */,
			);
			name = Main.storyboard;
			sourceTree = "<group>";
		};
		2426A9FD2AB2608B003E64B2 /* LaunchScreen.storyboard */ = {
			isa = PBXVariantGroup;
			children = (
				2426A9FE2AB2608B003E64B2 /* Base */,
			);
			name = LaunchScreen.storyboard;
			sourceTree = "<group>";
		};
/* End PBXVariantGroup section */

/* Begin XCBuildConfiguration section */
		2426AA012AB2608B003E64B2 /* Debug */ = {
			isa = XCBuildConfiguration;
			buildSettings = {
				ALWAYS_SEARCH_USER_PATHS = NO;
				CLANG_ANALYZER_NONNULL = YES;
				CLANG_ANALYZER_NUMBER_OBJECT_CONVERSION = YES_AGGRESSIVE;
				CLANG_CXX_LANGUAGE_STANDARD = "gnu++20";
				CLANG_ENABLE_MODULES = YES;
				CLANG_ENABLE_OBJC_ARC = YES;
				CLANG_ENABLE_OBJC_WEAK = YES;
				CLANG_WARN_BLOCK_CAPTURE_AUTORELEASING = YES;
				CLANG_WARN_BOOL_CONVERSION = YES;
				CLANG_WARN_COMMA = YES;
				CLANG_WARN_CONSTANT_CONVERSION = YES;
				CLANG_WARN_DEPRECATED_OBJC_IMPLEMENTATIONS = YES;
				CLANG_WARN_DIRECT_OBJC_ISA_USAGE = YES_ERROR;
				CLANG_WARN_DOCUMENTATION_COMMENTS = YES;
				CLANG_WARN_EMPTY_BODY = YES;
				CLANG_WARN_ENUM_CONVERSION = YES;
				CLANG_WARN_INFINITE_RECURSION = YES;
				CLANG_WARN_INT_CONVERSION = YES;
				CLANG_WARN_NON_LITERAL_NULL_CONVERSION = YES;
				CLANG_WARN_OBJC_IMPLICIT_RETAIN_SELF = YES;
				CLANG_WARN_OBJC_LITERAL_CONVERSION = YES;
				CLANG_WARN_OBJC_ROOT_CLASS = YES_ERROR;
				CLANG_WARN_QUOTED_INCLUDE_IN_FRAMEWORK_HEADER = YES;
				CLANG_WARN_RANGE_LOOP_ANALYSIS = YES;
				CLANG_WARN_STRICT_PROTOTYPES = YES;
				CLANG_WARN_SUSPICIOUS_MOVE = YES;
				CLANG_WARN_UNGUARDED_AVAILABILITY = YES_AGGRESSIVE;
				CLANG_WARN_UNREACHABLE_CODE = YES;
				CLANG_WARN__DUPLICATE_METHOD_MATCH = YES;
				COPY_PHASE_STRIP = NO;
				DEBUG_INFORMATION_FORMAT = dwarf;
				ENABLE_STRICT_OBJC_MSGSEND = YES;
				ENABLE_TESTABILITY = YES;
				GCC_C_LANGUAGE_STANDARD = gnu11;
				GCC_DYNAMIC_NO_PIC = NO;
				GCC_NO_COMMON_BLOCKS = YES;
				GCC_OPTIMIZATION_LEVEL = 0;
				GCC_PREPROCESSOR_DEFINITIONS = (
					"DEBUG=1",
					"$(inherited)",
				);
				GCC_WARN_64_TO_32_BIT_CONVERSION = YES;
				GCC_WARN_ABOUT_RETURN_TYPE = YES_ERROR;
				GCC_WARN_UNDECLARED_SELECTOR = YES;
				GCC_WARN_UNINITIALIZED_AUTOS = YES_AGGRESSIVE;
				GCC_WARN_UNUSED_FUNCTION = YES;
				GCC_WARN_UNUSED_VARIABLE = YES;
				IPHONEOS_DEPLOYMENT_TARGET = 16.1;
				MTL_ENABLE_DEBUG_INFO = INCLUDE_SOURCE;
				MTL_FAST_MATH = YES;
				ONLY_ACTIVE_ARCH = YES;
				SDKROOT = iphoneos;
				SWIFT_ACTIVE_COMPILATION_CONDITIONS = DEBUG;
				SWIFT_OPTIMIZATION_LEVEL = "-Onone";
			};
			name = Debug;
		};
		2426AA022AB2608B003E64B2 /* Release */ = {
			isa = XCBuildConfiguration;
			buildSettings = {
				ALWAYS_SEARCH_USER_PATHS = NO;
				CLANG_ANALYZER_NONNULL = YES;
				CLANG_ANALYZER_NUMBER_OBJECT_CONVERSION = YES_AGGRESSIVE;
				CLANG_CXX_LANGUAGE_STANDARD = "gnu++20";
				CLANG_ENABLE_MODULES = YES;
				CLANG_ENABLE_OBJC_ARC = YES;
				CLANG_ENABLE_OBJC_WEAK = YES;
				CLANG_WARN_BLOCK_CAPTURE_AUTORELEASING = YES;
				CLANG_WARN_BOOL_CONVERSION = YES;
				CLANG_WARN_COMMA = YES;
				CLANG_WARN_CONSTANT_CONVERSION = YES;
				CLANG_WARN_DEPRECATED_OBJC_IMPLEMENTATIONS = YES;
				CLANG_WARN_DIRECT_OBJC_ISA_USAGE = YES_ERROR;
				CLANG_WARN_DOCUMENTATION_COMMENTS = YES;
				CLANG_WARN_EMPTY_BODY = YES;
				CLANG_WARN_ENUM_CONVERSION = YES;
				CLANG_WARN_INFINITE_RECURSION = YES;
				CLANG_WARN_INT_CONVERSION = YES;
				CLANG_WARN_NON_LITERAL_NULL_CONVERSION = YES;
				CLANG_WARN_OBJC_IMPLICIT_RETAIN_SELF = YES;
				CLANG_WARN_OBJC_LITERAL_CONVERSION = YES;
				CLANG_WARN_OBJC_ROOT_CLASS = YES_ERROR;
				CLANG_WARN_QUOTED_INCLUDE_IN_FRAMEWORK_HEADER = YES;
				CLANG_WARN_RANGE_LOOP_ANALYSIS = YES;
				CLANG_WARN_STRICT_PROTOTYPES = YES;
				CLANG_WARN_SUSPICIOUS_MOVE = YES;
				CLANG_WARN_UNGUARDED_AVAILABILITY = YES_AGGRESSIVE;
				CLANG_WARN_UNREACHABLE_CODE = YES;
				CLANG_WARN__DUPLICATE_METHOD_MATCH = YES;
				COPY_PHASE_STRIP = NO;
				DEBUG_INFORMATION_FORMAT = "dwarf-with-dsym";
				ENABLE_NS_ASSERTIONS = NO;
				ENABLE_STRICT_OBJC_MSGSEND = YES;
				GCC_C_LANGUAGE_STANDARD = gnu11;
				GCC_NO_COMMON_BLOCKS = YES;
				GCC_WARN_64_TO_32_BIT_CONVERSION = YES;
				GCC_WARN_ABOUT_RETURN_TYPE = YES_ERROR;
				GCC_WARN_UNDECLARED_SELECTOR = YES;
				GCC_WARN_UNINITIALIZED_AUTOS = YES_AGGRESSIVE;
				GCC_WARN_UNUSED_FUNCTION = YES;
				GCC_WARN_UNUSED_VARIABLE = YES;
				IPHONEOS_DEPLOYMENT_TARGET = 16.1;
				MTL_ENABLE_DEBUG_INFO = NO;
				MTL_FAST_MATH = YES;
				SDKROOT = iphoneos;
				SWIFT_COMPILATION_MODE = wholemodule;
				SWIFT_OPTIMIZATION_LEVEL = "-O";
				VALIDATE_PRODUCT = YES;
			};
			name = Release;
		};
		2426AA042AB2608B003E64B2 /* Debug */ = {
			isa = XCBuildConfiguration;
			buildSettings = {
				ASSETCATALOG_COMPILER_APPICON_NAME = AppIcon;
				ASSETCATALOG_COMPILER_GLOBAL_ACCENT_COLOR_NAME = AccentColor;
				CODE_SIGN_STYLE = Automatic;
				CURRENT_PROJECT_VERSION = 1;
				DEVELOPMENT_TEAM = Y7995ZQM56;
				GENERATE_INFOPLIST_FILE = YES;
				INFOPLIST_FILE = MyMessenger/Info.plist;
				INFOPLIST_KEY_UIApplicationSupportsIndirectInputEvents = YES;
				INFOPLIST_KEY_UILaunchStoryboardName = LaunchScreen;
				INFOPLIST_KEY_UIMainStoryboardFile = Main;
				INFOPLIST_KEY_UISupportedInterfaceOrientations = UIInterfaceOrientationPortrait;
				LD_RUNPATH_SEARCH_PATHS = (
					"$(inherited)",
					"@executable_path/Frameworks",
				);
				MARKETING_VERSION = 1.0;
				PRODUCT_BUNDLE_IDENTIFIER = kornilov.ux.MyMessenger;
				PRODUCT_NAME = "$(TARGET_NAME)";
				SWIFT_EMIT_LOC_STRINGS = YES;
				SWIFT_VERSION = 5.0;
				TARGETED_DEVICE_FAMILY = "1,2";
			};
			name = Debug;
		};
		2426AA052AB2608B003E64B2 /* Release */ = {
			isa = XCBuildConfiguration;
			buildSettings = {
				ASSETCATALOG_COMPILER_APPICON_NAME = AppIcon;
				ASSETCATALOG_COMPILER_GLOBAL_ACCENT_COLOR_NAME = AccentColor;
				CODE_SIGN_STYLE = Automatic;
				CURRENT_PROJECT_VERSION = 1;
				DEVELOPMENT_TEAM = Y7995ZQM56;
				GENERATE_INFOPLIST_FILE = YES;
				INFOPLIST_FILE = MyMessenger/Info.plist;
				INFOPLIST_KEY_UIApplicationSupportsIndirectInputEvents = YES;
				INFOPLIST_KEY_UILaunchStoryboardName = LaunchScreen;
				INFOPLIST_KEY_UIMainStoryboardFile = Main;
				INFOPLIST_KEY_UISupportedInterfaceOrientations = UIInterfaceOrientationPortrait;
				LD_RUNPATH_SEARCH_PATHS = (
					"$(inherited)",
					"@executable_path/Frameworks",
				);
				MARKETING_VERSION = 1.0;
				PRODUCT_BUNDLE_IDENTIFIER = kornilov.ux.MyMessenger;
				PRODUCT_NAME = "$(TARGET_NAME)";
				SWIFT_EMIT_LOC_STRINGS = YES;
				SWIFT_VERSION = 5.0;
				TARGETED_DEVICE_FAMILY = "1,2";
			};
			name = Release;
		};
/* End XCBuildConfiguration section */

/* Begin XCConfigurationList section */
		2426A9EA2AB2608B003E64B2 /* Build configuration list for PBXProject "MyMessenger" */ = {
			isa = XCConfigurationList;
			buildConfigurations = (
				2426AA012AB2608B003E64B2 /* Debug */,
				2426AA022AB2608B003E64B2 /* Release */,
			);
			defaultConfigurationIsVisible = 0;
			defaultConfigurationName = Release;
		};
		2426AA032AB2608B003E64B2 /* Build configuration list for PBXNativeTarget "MyMessenger" */ = {
			isa = XCConfigurationList;
			buildConfigurations = (
				2426AA042AB2608B003E64B2 /* Debug */,
				2426AA052AB2608B003E64B2 /* Release */,
			);
			defaultConfigurationIsVisible = 0;
			defaultConfigurationName = Release;
		};
/* End XCConfigurationList section */

/* Begin XCRemoteSwiftPackageReference section */
		24447D822AB37393008A25C2 /* XCRemoteSwiftPackageReference "firebase-ios-sdk" */ = {
			isa = XCRemoteSwiftPackageReference;
			repositoryURL = "https://github.com/firebase/firebase-ios-sdk";
			requirement = {
				branch = master;
				kind = branch;
			};
		};
		24447D9B2AB48554008A25C2 /* XCRemoteSwiftPackageReference "JGProgressHUD" */ = {
			isa = XCRemoteSwiftPackageReference;
			repositoryURL = "https://github.com/JonasGessner/JGProgressHUD.git";
			requirement = {
				kind = upToNextMajorVersion;
				minimumVersion = 2.0.0;
			};
		};
		24447D9E2AB48845008A25C2 /* XCRemoteSwiftPackageReference "realm-swift" */ = {
			isa = XCRemoteSwiftPackageReference;
			repositoryURL = "https://github.com/realm/realm-swift.git";
			requirement = {
				branch = master;
				kind = branch;
			};
		};
		24447DA12AB488A5008A25C2 /* XCRemoteSwiftPackageReference "SDWebImage" */ = {
			isa = XCRemoteSwiftPackageReference;
			repositoryURL = "https://github.com/SDWebImage/SDWebImage.git";
			requirement = {
				kind = upToNextMajorVersion;
				minimumVersion = 5.0.0;
			};
		};
		24447DA82AB49ADE008A25C2 /* XCRemoteSwiftPackageReference "MessageKit" */ = {
			isa = XCRemoteSwiftPackageReference;
			repositoryURL = "https://github.com/MessageKit/MessageKit.git";
			requirement = {
				kind = upToNextMajorVersion;
				minimumVersion = 4.0.0;
			};
		};
		24447DAD2AB4D3E9008A25C2 /* XCRemoteSwiftPackageReference "GoogleSignIn-iOS" */ = {
			isa = XCRemoteSwiftPackageReference;
			repositoryURL = "https://github.com/google/GoogleSignIn-iOS.git";
			requirement = {
				kind = upToNextMajorVersion;
				minimumVersion = 7.0.0;
			};
		};
/* End XCRemoteSwiftPackageReference section */

/* Begin XCSwiftPackageProductDependency section */
		24447D832AB37393008A25C2 /* FirebaseAnalytics */ = {
			isa = XCSwiftPackageProductDependency;
			package = 24447D822AB37393008A25C2 /* XCRemoteSwiftPackageReference "firebase-ios-sdk" */;
			productName = FirebaseAnalytics;
		};
		24447D852AB37393008A25C2 /* FirebaseAnalyticsSwift */ = {
			isa = XCSwiftPackageProductDependency;
			package = 24447D822AB37393008A25C2 /* XCRemoteSwiftPackageReference "firebase-ios-sdk" */;
			productName = FirebaseAnalyticsSwift;
		};
		24447D872AB37393008A25C2 /* FirebaseAuth */ = {
			isa = XCSwiftPackageProductDependency;
			package = 24447D822AB37393008A25C2 /* XCRemoteSwiftPackageReference "firebase-ios-sdk" */;
			productName = FirebaseAuth;
		};
		24447D892AB37393008A25C2 /* FirebaseDatabase */ = {
			isa = XCSwiftPackageProductDependency;
			package = 24447D822AB37393008A25C2 /* XCRemoteSwiftPackageReference "firebase-ios-sdk" */;
			productName = FirebaseDatabase;
		};
		24447D8B2AB37393008A25C2 /* FirebaseDynamicLinks */ = {
			isa = XCSwiftPackageProductDependency;
			package = 24447D822AB37393008A25C2 /* XCRemoteSwiftPackageReference "firebase-ios-sdk" */;
			productName = FirebaseDynamicLinks;
		};
		24447D8D2AB37393008A25C2 /* FirebaseFirestore */ = {
			isa = XCSwiftPackageProductDependency;
			package = 24447D822AB37393008A25C2 /* XCRemoteSwiftPackageReference "firebase-ios-sdk" */;
			productName = FirebaseFirestore;
		};
		24447D8F2AB37393008A25C2 /* FirebaseFunctions */ = {
			isa = XCSwiftPackageProductDependency;
			package = 24447D822AB37393008A25C2 /* XCRemoteSwiftPackageReference "firebase-ios-sdk" */;
			productName = FirebaseFunctions;
		};
		24447D912AB37393008A25C2 /* FirebaseMessaging */ = {
			isa = XCSwiftPackageProductDependency;
			package = 24447D822AB37393008A25C2 /* XCRemoteSwiftPackageReference "firebase-ios-sdk" */;
			productName = FirebaseMessaging;
		};
		24447D932AB37393008A25C2 /* FirebaseRemoteConfig */ = {
			isa = XCSwiftPackageProductDependency;
			package = 24447D822AB37393008A25C2 /* XCRemoteSwiftPackageReference "firebase-ios-sdk" */;
			productName = FirebaseRemoteConfig;
		};
		24447D952AB37393008A25C2 /* FirebaseStorage */ = {
			isa = XCSwiftPackageProductDependency;
			package = 24447D822AB37393008A25C2 /* XCRemoteSwiftPackageReference "firebase-ios-sdk" */;
			productName = FirebaseStorage;
		};
		24447D9C2AB48554008A25C2 /* JGProgressHUD */ = {
			isa = XCSwiftPackageProductDependency;
			package = 24447D9B2AB48554008A25C2 /* XCRemoteSwiftPackageReference "JGProgressHUD" */;
			productName = JGProgressHUD;
		};
		24447D9F2AB48845008A25C2 /* RealmSwift */ = {
			isa = XCSwiftPackageProductDependency;
			package = 24447D9E2AB48845008A25C2 /* XCRemoteSwiftPackageReference "realm-swift" */;
			productName = RealmSwift;
		};
		24447DA22AB488A5008A25C2 /* SDWebImage */ = {
			isa = XCSwiftPackageProductDependency;
			package = 24447DA12AB488A5008A25C2 /* XCRemoteSwiftPackageReference "SDWebImage" */;
			productName = SDWebImage;
		};
		24447DA42AB488A5008A25C2 /* SDWebImageMapKit */ = {
			isa = XCSwiftPackageProductDependency;
			package = 24447DA12AB488A5008A25C2 /* XCRemoteSwiftPackageReference "SDWebImage" */;
			productName = SDWebImageMapKit;
		};
		24447DA92AB49ADF008A25C2 /* MessageKit */ = {
			isa = XCSwiftPackageProductDependency;
			package = 24447DA82AB49ADE008A25C2 /* XCRemoteSwiftPackageReference "MessageKit" */;
			productName = MessageKit;
		};
		24447DAE2AB4D3E9008A25C2 /* GoogleSignIn */ = {
			isa = XCSwiftPackageProductDependency;
			package = 24447DAD2AB4D3E9008A25C2 /* XCRemoteSwiftPackageReference "GoogleSignIn-iOS" */;
			productName = GoogleSignIn;
		};
		24447DB02AB4D3E9008A25C2 /* GoogleSignInSwift */ = {
			isa = XCSwiftPackageProductDependency;
			package = 24447DAD2AB4D3E9008A25C2 /* XCRemoteSwiftPackageReference "GoogleSignIn-iOS" */;
			productName = GoogleSignInSwift;
		};
/* End XCSwiftPackageProductDependency section */
	};
	rootObject = 2426A9E72AB2608B003E64B2 /* Project object */;
}
